
Microsoft Visual Studio Solution File, Format Version 12.00
# Visual Studio Version 17
VisualStudioVersion = 17.14.37203.1 d17.14
MinimumVisualStudioVersion = 10.0.40219.1
Project("{FAE04EC0-301F-11D3-BF4B-00C04F79EFBC}") = "ChaoticCupidPubSubSystem", "ChaoticCupidPubSubSystem.csproj", "{50087AD8-3A37-43AD-8744-DD7057617C85}"
EndProject
Project("{FAE04EC0-301F-11D3-BF4B-00C04F79EFBC}") = "SubscribersConsole", "..\Subscribers\SubscribersConsole.csproj", "{687678A0-67EE-4D26-BE3D-5C5CE0497F6B}"
EndProject
Project("{FAE04EC0-301F-11D3-BF4B-00C04F79EFBC}") = "Publisher", "..\Publisher\Publisher.csproj", "{C01205AC-DD71-40C4-B28B-D079EDFFED9E}"
EndProject
Global
	GlobalSection(SolutionConfigurationPlatforms) = preSolution
		Debug|Any CPU = Debug|Any CPU
		Release|Any CPU = Release|Any CPU
	EndGlobalSection
	GlobalSection(ProjectConfigurationPlatforms) = postSolution
		{50087AD8-3A37-43AD-8744-DD7057617C85}.Debug|Any CPU.ActiveCfg = Debug|Any CPU
		{50087AD8-3A37-43AD-8744-DD7057617C85}.Debug|Any CPU.Build.0 = Debug|Any CPU
		{50087AD8-3A37-43AD-8744-DD7057617C85}.Release|Any CPU.ActiveCfg = Release|Any CPU
		{50087AD8-3A37-43AD-8744-DD7057617C85}.Release|Any CPU.Build.0 = Release|Any CPU
		{687678A0-67EE-4D26-BE3D-5C5CE0497F6B}.Debug|Any CPU.ActiveCfg = Debug|Any CPU
		{687678A0-67EE-4D26-BE3D-5C5CE0497F6B}.Debug|Any CPU.Build.0 = Debug|Any CPU
		{687678A0-67EE-4D26-BE3D-5C5CE0497F6B}.Release|Any CPU.ActiveCfg = Release|Any CPU
		{687678A0-67EE-4D26-BE3D-5C5CE0497F6B}.Release|Any CPU.Build.0 = Release|Any CPU
		{C01205AC-DD71-40C4-B28B-D079EDFFED9E}.Debug|Any CPU.ActiveCfg = Debug|Any CPU
		{C01205AC-DD71-40C4-B28B-D079EDFFED9E}.Debug|Any CPU.Build.0 = Debug|Any CPU
		{C01205AC-DD71-40C4-B28B-D079EDFFED9E}.Release|Any CPU.ActiveCfg = Release|Any CPU
		{C01205AC-DD71-40C4-B28B-D079EDFFED9E}.Release|Any CPU.Build.0 = Release|Any CPU
	EndGlobalSection
	GlobalSection(SolutionProperties) = preSolution
		HideSolutionNode = FALSE
	EndGlobalSection
	GlobalSection(ExtensibilityGlobals) = postSolution
		SolutionGuid = {799A2529-E864-4ECF-BF26-2733DF5F7F01}
	EndGlobalSection
EndGlobal
